// !$*UTF8*$!
{
	archiveVersion = 1;
	classes = {
	};
	objectVersion = 77;
	objects = {

/* Begin PBXBuildFile section */
		23B82439038CADC4169A65A8 /* PvFfi.xcframework in Frameworks */ = {isa = PBXBuildFile; fileRef = F4C1A4D6302B0A9C00C58DEB /* PvFfi.xcframework */; };
		35238C90CC1A6DD53B37A40B /* PvFfi.xcframework in Frameworks */ = {isa = PBXBuildFile; fileRef = F4C1A4D6302B0A9C00C58DEB /* PvFfi.xcframework */; };
		4DC5BD15F687F1DBCE281638 /* PasskeyVaultAutoFill.appex in Embed Foundation Extensions */ = {isa = PBXBuildFile; fileRef = 439108F12317FDDD29406623 /* PasskeyVaultAutoFill.appex */; settings = {ATTRIBUTES = (RemoveHeaderOnCopy, ); }; };
		666E2AA5574D0C4C8C2CA601 /* pv_ffi.swift in Sources */ = {isa = PBXBuildFile; fileRef = F4C1A4D9302B0A9C00C58DEB /* pv_ffi.swift */; };
		885B8A3979461D4BA7554003 /* pv_ffi.swift in Sources */ = {isa = PBXBuildFile; fileRef = F4C1A4D9302B0A9C00C58DEB /* pv_ffi.swift */; };
/* End PBXBuildFile section */

/* Begin PBXContainerItemProxy section */
		538C25E76E7BDA127A380CC8 /* PBXContainerItemProxy */ = {
			isa = PBXContainerItemProxy;
			containerPortal = F4C1A4A4302B0A9A00C58DEB /* Project object */;
			proxyType = 1;
			remoteGlobalIDString = 3995FEC5A108122F43B310EA;
			remoteInfo = PasskeyVaultAutoFill;
		};
		F4C1A4BA302B0A9C00C58DEB /* PBXContainerItemProxy */ = {
			isa = PBXContainerItemProxy;
			containerPortal = F4C1A4A4302B0A9A00C58DEB /* Project object */;
			proxyType = 1;
			remoteGlobalIDString = F4C1A4AB302B0A9A00C58DEB;
			remoteInfo = PasskeyVault;
		};
		F4C1A4C4302B0A9C00C58DEB /* PBXContainerItemProxy */ = {
			isa = PBXContainerItemProxy;
			containerPortal = F4C1A4A4302B0A9A00C58DEB /* Project object */;
			proxyType = 1;
			remoteGlobalIDString = F4C1A4AB302B0A9A00C58DEB;
			remoteInfo = PasskeyVault;
		};
/* End PBXContainerItemProxy section */

/* Begin PBXCopyFilesBuildPhase section */
		B06229589BFF245E3AB4C9F5 /* Embed Foundation Extensions */ = {
			isa = PBXCopyFilesBuildPhase;
			buildActionMask = 2147483647;
			dstPath = "";
			dstSubfolderSpec = 13;
			files = (
				4DC5BD15F687F1DBCE281638 /* PasskeyVaultAutoFill.appex in Embed Foundation Extensions */,
			);
			name = "Embed Foundation Extensions";
			runOnlyForDeploymentPostprocessing = 0;
		};
/* End PBXCopyFilesBuildPhase section */

/* Begin PBXFileReference section */
		439108F12317FDDD29406623 /* PasskeyVaultAutoFill.appex */ = {isa = PBXFileReference; explicitFileType = "wrapper.app-extension"; includeInIndex = 0; path = PasskeyVaultAutoFill.appex; sourceTree = BUILT_PRODUCTS_DIR; };
		524CDFDE34A90C3A8BE35444 /* PasskeyVaultHarness.app */ = {isa = PBXFileReference; explicitFileType = wrapper.application; includeInIndex = 0; path = PasskeyVaultHarness.app; sourceTree = BUILT_PRODUCTS_DIR; };
		F4C1A4AC302B0A9A00C58DEB /* PasskeyVault.app */ = {isa = PBXFileReference; explicitFileType = wrapper.application; includeInIndex = 0; path = PasskeyVault.app; sourceTree = BUILT_PRODUCTS_DIR; };
		F4C1A4B9302B0A9C00C58DEB /* PasskeyVaultTests.xctest */ = {isa = PBXFileReference; explicitFileType = wrapper.cfbundle; includeInIndex = 0; path = PasskeyVaultTests.xctest; sourceTree = BUILT_PRODUCTS_DIR; };
		F4C1A4C3302B0A9C00C58DEB /* PasskeyVaultUITests.xctest */ = {isa = PBXFileReference; explicitFileType = wrapper.cfbundle; includeInIndex = 0; path = PasskeyVaultUITests.xctest; sourceTree = BUILT_PRODUCTS_DIR; };
		F4C1A4D6302B0A9C00C58DEB /* PvFfi.xcframework */ = {isa = PBXFileReference; lastKnownFileType = wrapper.xcframework; name = PvFfi.xcframework; path = build/PvFfi.xcframework; sourceTree = "<group>"; };
		F4C1A4D9302B0A9C00C58DEB /* pv_ffi.swift */ = {isa = PBXFileReference; lastKnownFileType = sourcecode.swift; name = pv_ffi.swift; path = "build/swift-bindings/pv_ffi.swift"; sourceTree = "<group>"; };
/* End PBXFileReference section */

/* Begin PBXFileSystemSynchronizedBuildFileExceptionSet section */
		4A1F6B2C8D3E907F5C1A2B33 /* Exceptions for "../PasskeyVaultHarness" folder in "PasskeyVaultHarness" target */ = {
			isa = PBXFileSystemSynchronizedBuildFileExceptionSet;
			membershipExceptions = (
				"AASA-DEPLOY.md",
			);
			target = 9AB3CA3E39BF34809663F83D /* PasskeyVaultHarness */;
		};
		D2445DE6872C32C424D63DCD /* Exceptions for "PasskeyVaultAutoFill" folder in "PasskeyVaultAutoFill" target */ = {
			isa = PBXFileSystemSynchronizedBuildFileExceptionSet;
			membershipExceptions = (
				Info.plist,
			);
			target = 3995FEC5A108122F43B310EA /* PasskeyVaultAutoFill */;
		};
/* End PBXFileSystemSynchronizedBuildFileExceptionSet section */

/* Begin PBXFileSystemSynchronizedRootGroup section */
		0B428FE9E49C0BB22AF61E01 /* PasskeyVaultAutoFill */ = {
			isa = PBXFileSystemSynchronizedRootGroup;
			exceptions = (
				D2445DE6872C32C424D63DCD /* Exceptions for "PasskeyVaultAutoFill" folder in "PasskeyVaultAutoFill" target */,
			);
			path = PasskeyVaultAutoFill;
			sourceTree = "<group>";
		};
		653E80F42AF6DC96FC6232B1 /* ../PasskeyVaultHarness */ = {
			isa = PBXFileSystemSynchronizedRootGroup;
			exceptions = (
				4A1F6B2C8D3E907F5C1A2B33 /* Exceptions for "../PasskeyVaultHarness" folder in "PasskeyVaultHarness" target */,
			);
			path = ../PasskeyVaultHarness;
			sourceTree = "<group>";
		};
		A1B2C3D4E5F641039C7D0F12 /* Shared */ = {
			isa = PBXFileSystemSynchronizedRootGroup;
			path = Shared;
			sourceTree = "<group>";
		};
		B3D215715977AE7886AF8663 /* PvShared */ = {
			isa = PBXFileSystemSynchronizedRootGroup;
			path = PvShared;
			sourceTree = "<group>";
		};
		F4C1A4AE302B0A9A00C58DEB /* PasskeyVault */ = {
			isa = PBXFileSystemSynchronizedRootGroup;
			path = PasskeyVault;
			sourceTree = "<group>";
		};
		F4C1A4BC302B0A9C00C58DEB /* PasskeyVaultTests */ = {
			isa = PBXFileSystemSynchronizedRootGroup;
			path = PasskeyVaultTests;
			sourceTree = "<group>";
		};
		F4C1A4C6302B0A9C00C58DEB /* PasskeyVaultUITests */ = {
			isa = PBXFileSystemSynchronizedRootGroup;
			path = PasskeyVaultUITests;
			sourceTree = "<group>";
		};
/* End PBXFileSystemSynchronizedRootGroup section */

/* Begin PBXFrameworksBuildPhase section */
		85FAE19753803895A9F31C6B /* Frameworks */ = {
			isa = PBXFrameworksBuildPhase;
			buildActionMask = 2147483647;
			files = (
				23B82439038CADC4169A65A8 /* PvFfi.xcframework in Frameworks */,
			);
			runOnlyForDeploymentPostprocessing = 0;
		};
		C256139CC24DF37B10C1B98E /* Frameworks */ = {
			isa = PBXFrameworksBuildPhase;
			buildActionMask = 2147483647;
			files = (
			);
			runOnlyForDeploymentPostprocessing = 0;
		};
		F4C1A4A9302B0A9A00C58DEB /* Frameworks */ = {
			isa = PBXFrameworksBuildPhase;
			buildActionMask = 2147483647;
			files = (
				35238C90CC1A6DD53B37A40B /* PvFfi.xcframework in Frameworks */,
			);
			runOnlyForDeploymentPostprocessing = 0;
		};
		F4C1A4B6302B0A9C00C58DEB /* Frameworks */ = {
			isa = PBXFrameworksBuildPhase;
			buildActionMask = 2147483647;
			files = (
			);
			runOnlyForDeploymentPostprocessing = 0;
		};
		F4C1A4C0302B0A9C00C58DEB /* Frameworks */ = {
			isa = PBXFrameworksBuildPhase;
			buildActionMask = 2147483647;
			files = (
			);
			runOnlyForDeploymentPostprocessing = 0;
		};
/* End PBXFrameworksBuildPhase section */

/* Begin PBXGroup section */
		F4C1A4A3302B0A9A00C58DEB = {
			isa = PBXGroup;
			children = (
				F4C1A4AE302B0A9A00C58DEB /* PasskeyVault */,
				0B428FE9E49C0BB22AF61E01 /* PasskeyVaultAutoFill */,
				653E80F42AF6DC96FC6232B1 /* ../PasskeyVaultHarness */,
				F4C1A4BC302B0A9C00C58DEB /* PasskeyVaultTests */,
				F4C1A4C6302B0A9C00C58DEB /* PasskeyVaultUITests */,
				B3D215715977AE7886AF8663 /* PvShared */,
				A1B2C3D4E5F641039C7D0F12 /* Shared */,
				F4C1A4D6302B0A9C00C58DEB /* PvFfi.xcframework */,
				F4C1A4D9302B0A9C00C58DEB /* pv_ffi.swift */,
				F4C1A4AD302B0A9A00C58DEB /* Products */,
			);
			sourceTree = "<group>";
		};
		F4C1A4AD302B0A9A00C58DEB /* Products */ = {
			isa = PBXGroup;
			children = (
				F4C1A4AC302B0A9A00C58DEB /* PasskeyVault.app */,
				F4C1A4B9302B0A9C00C58DEB /* PasskeyVaultTests.xctest */,
				F4C1A4C3302B0A9C00C58DEB /* PasskeyVaultUITests.xctest */,
				439108F12317FDDD29406623 /* PasskeyVaultAutoFill.appex */,
				524CDFDE34A90C3A8BE35444 /* PasskeyVaultHarness.app */,
			);
			name = Products;
			sourceTree = "<group>";
		};
/* End PBXGroup section */

/* Begin PBXNativeTarget section */
		3995FEC5A108122F43B310EA /* PasskeyVaultAutoFill */ = {
			isa = PBXNativeTarget;
			buildConfigurationList = EA071133E5DBDFAB41659D4F /* Build configuration list for PBXNativeTarget "PasskeyVaultAutoFill" */;
			buildPhases = (
				585CEF5501C74197B7FE3827 /* Sources */,
				85FAE19753803895A9F31C6B /* Frameworks */,
				D35C8B3BD9AA84491A8BCB2A /* Resources */,
			);
			buildRules = (
			);
			dependencies = (
			);
			fileSystemSynchronizedGroups = (
				0B428FE9E49C0BB22AF61E01 /* PasskeyVaultAutoFill */,
				A1B2C3D4E5F641039C7D0F12 /* Shared */,
				B3D215715977AE7886AF8663 /* PvShared */,
			);
			name = PasskeyVaultAutoFill;
			packageProductDependencies = (
			);
			productName = PasskeyVaultAutoFill;
			productReference = 439108F12317FDDD29406623 /* PasskeyVaultAutoFill.appex */;
			productType = "com.apple.product-type.app-extension";
		};
		9AB3CA3E39BF34809663F83D /* PasskeyVaultHarness */ = {
			isa = PBXNativeTarget;
			buildConfigurationList = FCFF755364BE54E954FD3CB7 /* Build configuration list for PBXNativeTarget "PasskeyVaultHarness" */;
			buildPhases = (
				CC6FF735671F449F9C2648CE /* Sources */,
				C256139CC24DF37B10C1B98E /* Frameworks */,
				D218F4D703A1A671F1F0A409 /* Resources */,
			);
			buildRules = (
			);
			dependencies = (
			);
			fileSystemSynchronizedGroups = (
				653E80F42AF6DC96FC6232B1 /* ../PasskeyVaultHarness */,
			);
			name = PasskeyVaultHarness;
			packageProductDependencies = (
			);
			productName = PasskeyVaultHarness;
			productReference = 524CDFDE34A90C3A8BE35444 /* PasskeyVaultHarness.app */;
			productType = "com.apple.product-type.application";
		};
		F4C1A4AB302B0A9A00C58DEB /* PasskeyVault */ = {
			isa = PBXNativeTarget;
			buildConfigurationList = F4C1A4CD302B0A9C00C58DEB /* Build configuration list for PBXNativeTarget "PasskeyVault" */;
			buildPhases = (
				F4C1A4D8302B0A9C00C58DEB /* Build pv-ffi XCFramework */,
				F4C1A4A8302B0A9A00C58DEB /* Sources */,
				F4C1A4A9302B0A9A00C58DEB /* Frameworks */,
				F4C1A4AA302B0A9A00C58DEB /* Resources */,
				B06229589BFF245E3AB4C9F5 /* Embed Foundation Extensions */,
			);
			buildRules = (
			);
			dependencies = (
				60C553080F9F66EA89A771F1 /* PBXTargetDependency */,
			);
			fileSystemSynchronizedGroups = (
				A1B2C3D4E5F641039C7D0F12 /* Shared */,
				B3D215715977AE7886AF8663 /* PvShared */,
				F4C1A4AE302B0A9A00C58DEB /* PasskeyVault */,
			);
			name = PasskeyVault;
			packageProductDependencies = (
			);
			productName = PasskeyVault;
			productReference = F4C1A4AC302B0A9A00C58DEB /* PasskeyVault.app */;
			productType = "com.apple.product-type.application";
		};
		F4C1A4B8302B0A9C00C58DEB /* PasskeyVaultTests */ = {
			isa = PBXNativeTarget;
			buildConfigurationList = F4C1A4D0302B0A9C00C58DEB /* Build configuration list for PBXNativeTarget "PasskeyVaultTests" */;
			buildPhases = (
				F4C1A4B5302B0A9C00C58DEB /* Sources */,
				F4C1A4B6302B0A9C00C58DEB /* Frameworks */,
				F4C1A4B7302B0A9C00C58DEB /* Resources */,
			);
			buildRules = (
			);
			dependencies = (
				F4C1A4BB302B0A9C00C58DEB /* PBXTargetDependency */,
			);
			fileSystemSynchronizedGroups = (
				F4C1A4BC302B0A9C00C58DEB /* PasskeyVaultTests */,
			);
			name = PasskeyVaultTests;
			packageProductDependencies = (
			);
			productName = PasskeyVaultTests;
			productReference = F4C1A4B9302B0A9C00C58DEB /* PasskeyVaultTests.xctest */;
			productType = "com.apple.product-type.bundle.unit-test";
		};
		F4C1A4C2302B0A9C00C58DEB /* PasskeyVaultUITests */ = {
			isa = PBXNativeTarget;
			buildConfigurationList = F4C1A4D3302B0A9C00C58DEB /* Build configuration list for PBXNativeTarget "PasskeyVaultUITests" */;
			buildPhases = (
				F4C1A4BF302B0A9C00C58DEB /* Sources */,
				F4C1A4C0302B0A9C00C58DEB /* Frameworks */,
				F4C1A4C1302B0A9C00C58DEB /* Resources */,
			);
			buildRules = (
			);
			dependencies = (
				F4C1A4C5302B0A9C00C58DEB /* PBXTargetDependency */,
			);
			fileSystemSynchronizedGroups = (
				F4C1A4C6302B0A9C00C58DEB /* PasskeyVaultUITests */,
			);
			name = PasskeyVaultUITests;
			packageProductDependencies = (
			);
			productName = PasskeyVaultUITests;
			productReference = F4C1A4C3302B0A9C00C58DEB /* PasskeyVaultUITests.xctest */;
			productType = "com.apple.product-type.bundle.ui-testing";
		};
/* End PBXNativeTarget section */

/* Begin PBXProject section */
		F4C1A4A4302B0A9A00C58DEB /* Project object */ = {
			isa = PBXProject;
			attributes = {
				BuildIndependentTargetsInParallel = 1;
				LastSwiftUpdateCheck = 2660;
				LastUpgradeCheck = 2660;
				TargetAttributes = {
					3995FEC5A108122F43B310EA = {
						CreatedOnToolsVersion = 26.6;
					};
					9AB3CA3E39BF34809663F83D = {
						CreatedOnToolsVersion = 26.6;
					};
					F4C1A4AB302B0A9A00C58DEB = {
						CreatedOnToolsVersion = 26.6;
					};
					F4C1A4B8302B0A9C00C58DEB = {
						CreatedOnToolsVersion = 26.6;
						TestTargetID = F4C1A4AB302B0A9A00C58DEB;
					};
					F4C1A4C2302B0A9C00C58DEB = {
						CreatedOnToolsVersion = 26.6;
						TestTargetID = F4C1A4AB302B0A9A00C58DEB;
					};
				};
			};
			buildConfigurationList = F4C1A4A7302B0A9A00C58DEB /* Build configuration list for PBXProject "PasskeyVault" */;
			developmentRegion = en;
			hasScannedForEncodings = 0;
			knownRegions = (
				en,
				pl,
				Base,
			);
			mainGroup = F4C1A4A3302B0A9A00C58DEB;
			minimizedProjectReferenceProxies = 1;
			preferredProjectObjectVersion = 77;
			productRefGroup = F4C1A4AD302B0A9A00C58DEB /* Products */;
			projectDirPath = "";
			projectRoot = "";
			targets = (
				F4C1A4AB302B0A9A00C58DEB /* PasskeyVault */,
				F4C1A4B8302B0A9C00C58DEB /* PasskeyVaultTests */,
				F4C1A4C2302B0A9C00C58DEB /* PasskeyVaultUITests */,
				3995FEC5A108122F43B310EA /* PasskeyVaultAutoFill */,
				9AB3CA3E39BF34809663F83D /* PasskeyVaultHarness */,
			);
		};
/* End PBXProject section */

/* Begin PBXResourcesBuildPhase section */
		D218F4D703A1A671F1F0A409 /* Resources */ = {
			isa = PBXResourcesBuildPhase;
			buildActionMask = 2147483647;
			files = (
			);
			runOnlyForDeploymentPostprocessing = 0;
		};
		D35C8B3BD9AA84491A8BCB2A /* Resources */ = {
			isa = PBXResourcesBuildPhase;
			buildActionMask = 2147483647;
			files = (
			);
			runOnlyForDeploymentPostprocessing = 0;
		};
		F4C1A4AA302B0A9A00C58DEB /* Resources */ = {
			isa = PBXResourcesBuildPhase;
			buildActionMask = 2147483647;
			files = (
			);
			runOnlyForDeploymentPostprocessing = 0;
		};
		F4C1A4B7302B0A9C00C58DEB /* Resources */ = {
			isa = PBXResourcesBuildPhase;
			buildActionMask = 2147483647;
			files = (
			);
			runOnlyForDeploymentPostprocessing = 0;
		};
		F4C1A4C1302B0A9C00C58DEB /* Resources */ = {
			isa = PBXResourcesBuildPhase;
			buildActionMask = 2147483647;
			files = (
			);
			runOnlyForDeploymentPostprocessing = 0;
		};
/* End PBXResourcesBuildPhase section */

/* Begin PBXShellScriptBuildPhase section */
		F4C1A4D8302B0A9C00C58DEB /* Build pv-ffi XCFramework */ = {
			isa = PBXShellScriptBuildPhase;
			buildActionMask = 2147483647;
			files = (
			);
			inputPaths = (
			);
			name = "Build pv-ffi XCFramework";
			outputPaths = (
			);
			runOnlyForDeploymentPostprocessing = 0;
			shellPath = /bin/sh;
			shellScript = "# 38-01 Task 2: the probe follows $CONFIGURATION instead of being hardcoded ON.\n# Previously this line passed --with-panic-probe as its OWN default, so the\n# synthetic panic vector shipped in EVERY PasskeyVault.app this recipe built,\n# Release included. PV_FFI_TEST_VARIANT still wins when set (ios-probe-run.sh\n# sets it for the sensitivity probe). Debug keeps the probe because\n# FfiPanicSafetyTests.swift needs it; Release now gets a plain artifact.\n# NOT the per-target build split -- Phase 41 still owns that; see the residual\n# in crates/pv-ffi/Cargo.toml's [features] comment.\nif [ -n \"${PV_FFI_TEST_VARIANT:-}\" ]; then\n  \"$SRCROOT/../../scripts/build-ios.sh\" ${PV_FFI_TEST_VARIANT}\nelif [ \"${CONFIGURATION}\" = \"Debug\" ]; then\n  \"$SRCROOT/../../scripts/build-ios.sh\" --with-panic-probe\nelse\n  \"$SRCROOT/../../scripts/build-ios.sh\"\nfi\n";
		};
/* End PBXShellScriptBuildPhase section */

/* Begin PBXSourcesBuildPhase section */
		585CEF5501C74197B7FE3827 /* Sources */ = {
			isa = PBXSourcesBuildPhase;
			buildActionMask = 2147483647;
			files = (
				885B8A3979461D4BA7554003 /* pv_ffi.swift in Sources */,
			);
			runOnlyForDeploymentPostprocessing = 0;
		};
		CC6FF735671F449F9C2648CE /* Sources */ = {
			isa = PBXSourcesBuildPhase;
			buildActionMask = 2147483647;
			files = (
			);
			runOnlyForDeploymentPostprocessing = 0;
		};
		F4C1A4A8302B0A9A00C58DEB /* Sources */ = {
			isa = PBXSourcesBuildPhase;
			buildActionMask = 2147483647;
			files = (
				666E2AA5574D0C4C8C2CA601 /* pv_ffi.swift in Sources */,
			);
			runOnlyForDeploymentPostprocessing = 0;
		};
		F4C1A4B5302B0A9C00C58DEB /* Sources */ = {
			isa = PBXSourcesBuildPhase;
			buildActionMask = 2147483647;
			files = (
			);
			runOnlyForDeploymentPostprocessing = 0;
		};
		F4C1A4BF302B0A9C00C58DEB /* Sources */ = {
			isa = PBXSourcesBuildPhase;
			buildActionMask = 2147483647;
			files = (
			);
			runOnlyForDeploymentPostprocessing = 0;
		};
/* End PBXSourcesBuildPhase section */

/* Begin PBXTargetDependency section */
		60C553080F9F66EA89A771F1 /* PBXTargetDependency */ = {
			isa = PBXTargetDependency;
			target = 3995FEC5A108122F43B310EA /* PasskeyVaultAutoFill */;
			targetProxy = 538C25E76E7BDA127A380CC8 /* PBXContainerItemProxy */;
		};
		F4C1A4BB302B0A9C00C58DEB /* PBXTargetDependency */ = {
			isa = PBXTargetDependency;
			target = F4C1A4AB302B0A9A00C58DEB /* PasskeyVault */;
			targetProxy = F4C1A4BA302B0A9C00C58DEB /* PBXContainerItemProxy */;
		};
		F4C1A4C5302B0A9C00C58DEB /* PBXTargetDependency */ = {
			isa = PBXTargetDependency;
			target = F4C1A4AB302B0A9A00C58DEB /* PasskeyVault */;
			targetProxy = F4C1A4C4302B0A9C00C58DEB /* PBXContainerItemProxy */;
		};
/* End PBXTargetDependency section */

/* Begin XCBuildConfiguration section */
		213F0514ADFD2E4883AFECC7 /* Release */ = {
			isa = XCBuildConfiguration;
			buildSettings = {
				CODE_SIGN_ENTITLEMENTS = PasskeyVaultAutoFill/PasskeyVaultAutoFill.entitlements;
				CODE_SIGN_STYLE = Automatic;
				CURRENT_PROJECT_VERSION = 1;
				DEVELOPMENT_TEAM = 4S7F2M7YLW;
				FRAMEWORK_SEARCH_PATHS = "$(SRCROOT)/build";
				GENERATE_INFOPLIST_FILE = NO;
				INFOPLIST_FILE = PasskeyVaultAutoFill/Info.plist;
				IPHONEOS_DEPLOYMENT_TARGET = 18.0;
				LD_RUNPATH_SEARCH_PATHS = (
					"$(inherited)",
					"@executable_path/Frameworks",
					"@executable_path/../../Frameworks",
				);
				MARKETING_VERSION = 1.0;
				PRODUCT_BUNDLE_IDENTIFIER = cloud.blonie.PasskeyVault.AutoFill;
				PRODUCT_NAME = "$(TARGET_NAME)";
				SKIP_INSTALL = YES;
				STRING_CATALOG_GENERATE_SYMBOLS = NO;
				SWIFT_APPROACHABLE_CONCURRENCY = YES;
				SWIFT_EMIT_LOC_STRINGS = NO;
				SWIFT_ENABLE_EXPLICIT_MODULES = NO;
				SWIFT_UPCOMING_FEATURE_MEMBER_IMPORT_VISIBILITY = YES;
				SWIFT_VERSION = 5.0;
				TARGETED_DEVICE_FAMILY = "1,2";
			};
			name = Release;
		};
		5D48680EE4DAA5A16F5BC273 /* Debug */ = {
			isa = XCBuildConfiguration;
			buildSettings = {
				CODE_SIGN_ENTITLEMENTS = PasskeyVaultAutoFill/PasskeyVaultAutoFill.entitlements;
				CODE_SIGN_STYLE = Automatic;
				CURRENT_PROJECT_VERSION = 1;
				DEVELOPMENT_TEAM = 4S7F2M7YLW;
				FRAMEWORK_SEARCH_PATHS = "$(SRCROOT)/build";
				GENERATE_INFOPLIST_FILE = NO;
				INFOPLIST_FILE = PasskeyVaultAutoFill/Info.plist;
				IPHONEOS_DEPLOYMENT_TARGET = 18.0;
				LD_RUNPATH_SEARCH_PATHS = (
					"$(inherited)",
					"@executable_path/Frameworks",
					"@executable_path/../../Frameworks",
				);
				MARKETING_VERSION = 1.0;
				PRODUCT_BUNDLE_IDENTIFIER = cloud.blonie.PasskeyVault.AutoFill;
				PRODUCT_NAME = "$(TARGET_NAME)";
				SKIP_INSTALL = YES;
				STRING_CATALOG_GENERATE_SYMBOLS = NO;
				SWIFT_APPROACHABLE_CONCURRENCY = YES;
				SWIFT_EMIT_LOC_STRINGS = NO;
				SWIFT_ENABLE_EXPLICIT_MODULES = NO;
				SWIFT_UPCOMING_FEATURE_MEMBER_IMPORT_VISIBILITY = YES;
				SWIFT_VERSION = 5.0;
				TARGETED_DEVICE_FAMILY = "1,2";
			};
			name = Debug;
		};
		D8A9C8AA5156BF5B32A723D2 /* Debug */ = {
			isa = XCBuildConfiguration;
			buildSettings = {
				CODE_SIGN_ENTITLEMENTS = ../PasskeyVaultHarness/PasskeyVaultHarness.entitlements;
				CODE_SIGN_STYLE = Automatic;
				CURRENT_PROJECT_VERSION = 1;
				DEVELOPMENT_TEAM = 4S7F2M7YLW;
				ENABLE_PREVIEWS = YES;
				GENERATE_INFOPLIST_FILE = YES;
				INFOPLIST_KEY_UIApplicationSceneManifest_Generation = YES;
				INFOPLIST_KEY_UIApplicationSupportsIndirectInputEvents = YES;
				INFOPLIST_KEY_UILaunchScreen_Generation = YES;
				INFOPLIST_KEY_UISupportedInterfaceOrientations_iPad = "UIInterfaceOrientationPortrait UIInterfaceOrientationPortraitUpsideDown UIInterfaceOrientationLandscapeLeft UIInterfaceOrientationLandscapeRight";
				INFOPLIST_KEY_UISupportedInterfaceOrientations_iPhone = "UIInterfaceOrientationPortrait UIInterfaceOrientationLandscapeLeft UIInterfaceOrientationLandscapeRight";
				IPHONEOS_DEPLOYMENT_TARGET = 18.0;
				LD_RUNPATH_SEARCH_PATHS = (
					"$(inherited)",
					"@executable_path/Frameworks",
				);
				MARKETING_VERSION = 1.0;
				PRODUCT_BUNDLE_IDENTIFIER = cloud.blonie.PasskeyVaultHarness;
				PRODUCT_NAME = "$(TARGET_NAME)";
				STRING_CATALOG_GENERATE_SYMBOLS = NO;
				SWIFT_APPROACHABLE_CONCURRENCY = YES;
				SWIFT_DEFAULT_ACTOR_ISOLATION = MainActor;
				SWIFT_EMIT_LOC_STRINGS = YES;
				SWIFT_ENABLE_EXPLICIT_MODULES = NO;
				SWIFT_UPCOMING_FEATURE_MEMBER_IMPORT_VISIBILITY = YES;
				SWIFT_VERSION = 5.0;
				TARGETED_DEVICE_FAMILY = "1,2";
			};
			name = Debug;
		};
		F4C1A4CB302B0A9C00C58DEB /* Debug */ = {
			isa = XCBuildConfiguration;
			buildSettings = {
				ALWAYS_SEARCH_USER_PATHS = NO;
				ASSETCATALOG_COMPILER_GENERATE_SWIFT_ASSET_SYMBOL_EXTENSIONS = YES;
				CLANG_ANALYZER_NONNULL = YES;
				CLANG_ANALYZER_NUMBER_OBJECT_CONVERSION = YES_AGGRESSIVE;
				CLANG_CXX_LANGUAGE_STANDARD = "gnu++20";
				CLANG_ENABLE_MODULES = YES;
				CLANG_ENABLE_OBJC_ARC = YES;
				CLANG_ENABLE_OBJC_WEAK = YES;
				CLANG_WARN_BLOCK_CAPTURE_AUTORELEASING = YES;
				CLANG_WARN_BOOL_CONVERSION = YES;
				CLANG_WARN_COMMA = YES;
				CLANG_WARN_CONSTANT_CONVERSION = YES;
				CLANG_WARN_DEPRECATED_OBJC_IMPLEMENTATIONS = YES;
				CLANG_WARN_DIRECT_OBJC_ISA_USAGE = YES_ERROR;
				CLANG_WARN_DOCUMENTATION_COMMENTS = YES;
				CLANG_WARN_EMPTY_BODY = YES;
				CLANG_WARN_ENUM_CONVERSION = YES;
				CLANG_WARN_INFINITE_RECURSION = YES;
				CLANG_WARN_INT_CONVERSION = YES;
				CLANG_WARN_NON_LITERAL_NULL_CONVERSION = YES;
				CLANG_WARN_OBJC_IMPLICIT_RETAIN_SELF = YES;
				CLANG_WARN_OBJC_LITERAL_CONVERSION = YES;
				CLANG_WARN_OBJC_ROOT_CLASS = YES_ERROR;
				CLANG_WARN_QUOTED_INCLUDE_IN_FRAMEWORK_HEADER = YES;
				CLANG_WARN_RANGE_LOOP_ANALYSIS = YES;
				CLANG_WARN_STRICT_PROTOTYPES = YES;
				CLANG_WARN_SUSPICIOUS_MOVE = YES;
				CLANG_WARN_UNGUARDED_AVAILABILITY = YES_AGGRESSIVE;
				CLANG_WARN_UNREACHABLE_CODE = YES;
				CLANG_WARN__DUPLICATE_METHOD_MATCH = YES;
				COPY_PHASE_STRIP = NO;
				DEBUG_INFORMATION_FORMAT = dwarf;
				ENABLE_STRICT_OBJC_MSGSEND = YES;
				ENABLE_TESTABILITY = YES;
				ENABLE_USER_SCRIPT_SANDBOXING = YES;
				GCC_C_LANGUAGE_STANDARD = gnu17;
				GCC_DYNAMIC_NO_PIC = NO;
				GCC_NO_COMMON_BLOCKS = YES;
				GCC_OPTIMIZATION_LEVEL = 0;
				GCC_PREPROCESSOR_DEFINITIONS = (
					"DEBUG=1",
					"$(inherited)",
				);
				GCC_WARN_64_TO_32_BIT_CONVERSION = YES;
				GCC_WARN_ABOUT_RETURN_TYPE = YES_ERROR;
				GCC_WARN_UNDECLARED_SELECTOR = YES;
				GCC_WARN_UNINITIALIZED_AUTOS = YES_AGGRESSIVE;
				GCC_WARN_UNUSED_FUNCTION = YES;
				GCC_WARN_UNUSED_VARIABLE = YES;
				IPHONEOS_DEPLOYMENT_TARGET = 18.0;
				LOCALIZATION_PREFERS_STRING_CATALOGS = YES;
				MTL_ENABLE_DEBUG_INFO = INCLUDE_SOURCE;
				MTL_FAST_MATH = YES;
				ONLY_ACTIVE_ARCH = YES;
				SDKROOT = iphoneos;
				SWIFT_ACTIVE_COMPILATION_CONDITIONS = "DEBUG $(inherited)";
				SWIFT_OPTIMIZATION_LEVEL = "-Onone";
			};
			name = Debug;
		};
		F4C1A4CC302B0A9C00C58DEB /* Release */ = {
			isa = XCBuildConfiguration;
			buildSettings = {
				ALWAYS_SEARCH_USER_PATHS = NO;
				ASSETCATALOG_COMPILER_GENERATE_SWIFT_ASSET_SYMBOL_EXTENSIONS = YES;
				CLANG_ANALYZER_NONNULL = YES;
				CLANG_ANALYZER_NUMBER_OBJECT_CONVERSION = YES_AGGRESSIVE;
				CLANG_CXX_LANGUAGE_STANDARD = "gnu++20";
				CLANG_ENABLE_MODULES = YES;
				CLANG_ENABLE_OBJC_ARC = YES;
				CLANG_ENABLE_OBJC_WEAK = YES;
				CLANG_WARN_BLOCK_CAPTURE_AUTORELEASING = YES;
				CLANG_WARN_BOOL_CONVERSION = YES;
				CLANG_WARN_COMMA = YES;
				CLANG_WARN_CONSTANT_CONVERSION = YES;
				CLANG_WARN_DEPRECATED_OBJC_IMPLEMENTATIONS = YES;
				CLANG_WARN_DIRECT_OBJC_ISA_USAGE = YES_ERROR;
				CLANG_WARN_DOCUMENTATION_COMMENTS = YES;
				CLANG_WARN_EMPTY_BODY = YES;
				CLANG_WARN_ENUM_CONVERSION = YES;
				CLANG_WARN_INFINITE_RECURSION = YES;
				CLANG_WARN_INT_CONVERSION = YES;
				CLANG_WARN_NON_LITERAL_NULL_CONVERSION = YES;
				CLANG_WARN_OBJC_IMPLICIT_RETAIN_SELF = YES;
				CLANG_WARN_OBJC_LITERAL_CONVERSION = YES;
				CLANG_WARN_OBJC_ROOT_CLASS = YES_ERROR;
				CLANG_WARN_QUOTED_INCLUDE_IN_FRAMEWORK_HEADER = YES;
				CLANG_WARN_RANGE_LOOP_ANALYSIS = YES;
				CLANG_WARN_STRICT_PROTOTYPES = YES;
				CLANG_WARN_SUSPICIOUS_MOVE = YES;
				CLANG_WARN_UNGUARDED_AVAILABILITY = YES_AGGRESSIVE;
				CLANG_WARN_UNREACHABLE_CODE = YES;
				CLANG_WARN__DUPLICATE_METHOD_MATCH = YES;
				COPY_PHASE_STRIP = NO;
				DEBUG_INFORMATION_FORMAT = "dwarf-with-dsym";
				ENABLE_NS_ASSERTIONS = NO;
				ENABLE_STRICT_OBJC_MSGSEND = YES;
				ENABLE_USER_SCRIPT_SANDBOXING = YES;
				GCC_C_LANGUAGE_STANDARD = gnu17;
				GCC_NO_COMMON_BLOCKS = YES;
				GCC_WARN_64_TO_32_BIT_CONVERSION = YES;
				GCC_WARN_ABOUT_RETURN_TYPE = YES_ERROR;
				GCC_WARN_UNDECLARED_SELECTOR = YES;
				GCC_WARN_UNINITIALIZED_AUTOS = YES_AGGRESSIVE;
				GCC_WARN_UNUSED_FUNCTION = YES;
				GCC_WARN_UNUSED_VARIABLE = YES;
				IPHONEOS_DEPLOYMENT_TARGET = 18.0;
				LOCALIZATION_PREFERS_STRING_CATALOGS = YES;
				MTL_ENABLE_DEBUG_INFO = NO;
				MTL_FAST_MATH = YES;
				SDKROOT = iphoneos;
				SWIFT_COMPILATION_MODE = wholemodule;
				VALIDATE_PRODUCT = YES;
			};
			name = Release;
		};
		F4C1A4CE302B0A9C00C58DEB /* Debug */ = {
			isa = XCBuildConfiguration;
			buildSettings = {
				ASSETCATALOG_COMPILER_ALTERNATE_APPICON_NAMES = "AppIconBeige AppIconDark AppIconOrange";
				ASSETCATALOG_COMPILER_APPICON_NAME = AppIcon;
				ASSETCATALOG_COMPILER_GLOBAL_ACCENT_COLOR_NAME = AccentColor;
				CODE_SIGN_ENTITLEMENTS = PasskeyVault/PasskeyVault.entitlements;
				CODE_SIGN_STYLE = Automatic;
				CURRENT_PROJECT_VERSION = 1;
				DEVELOPMENT_TEAM = 4S7F2M7YLW;
				ENABLE_PREVIEWS = YES;
				ENABLE_USER_SCRIPT_SANDBOXING = NO;
				FRAMEWORK_SEARCH_PATHS = "$(SRCROOT)/build";
				GENERATE_INFOPLIST_FILE = YES;
				INFOPLIST_KEY_NSCameraUsageDescription = "Passkey Vault uses your camera to scan QR codes for setting up two-factor authentication codes.";
				INFOPLIST_KEY_NSFaceIDUsageDescription = "Passkey Vault uses Face ID to unlock your vault.";
				INFOPLIST_KEY_UIApplicationSceneManifest_Generation = YES;
				INFOPLIST_KEY_UIApplicationSupportsIndirectInputEvents = YES;
				INFOPLIST_KEY_UILaunchScreen_Generation = YES;
				INFOPLIST_KEY_UISupportedInterfaceOrientations_iPad = "UIInterfaceOrientationPortrait UIInterfaceOrientationPortraitUpsideDown UIInterfaceOrientationLandscapeLeft UIInterfaceOrientationLandscapeRight";
				INFOPLIST_KEY_UISupportedInterfaceOrientations_iPhone = "UIInterfaceOrientationPortrait UIInterfaceOrientationLandscapeLeft UIInterfaceOrientationLandscapeRight";
				LD_RUNPATH_SEARCH_PATHS = (
					"$(inherited)",
					"@executable_path/Frameworks",
				);
				MARKETING_VERSION = 1.0;
				PRODUCT_BUNDLE_IDENTIFIER = cloud.blonie.PasskeyVault;
				PRODUCT_NAME = "$(TARGET_NAME)";
				STRING_CATALOG_GENERATE_SYMBOLS = YES;
				SWIFT_APPROACHABLE_CONCURRENCY = YES;
				SWIFT_DEFAULT_ACTOR_ISOLATION = MainActor;
				SWIFT_EMIT_LOC_STRINGS = YES;
				SWIFT_ENABLE_EXPLICIT_MODULES = NO;
				SWIFT_UPCOMING_FEATURE_MEMBER_IMPORT_VISIBILITY = YES;
				SWIFT_VERSION = 5.0;
				TARGETED_DEVICE_FAMILY = "1,2";
			};
			name = Debug;
		};
		F4C1A4CF302B0A9C00C58DEB /* Release */ = {
			isa = XCBuildConfiguration;
			buildSettings = {
				ASSETCATALOG_COMPILER_ALTERNATE_APPICON_NAMES = "AppIconBeige AppIconDark AppIconOrange";
				ASSETCATALOG_COMPILER_APPICON_NAME = AppIcon;
				ASSETCATALOG_COMPILER_GLOBAL_ACCENT_COLOR_NAME = AccentColor;
				CODE_SIGN_ENTITLEMENTS = PasskeyVault/PasskeyVault.entitlements;
				CODE_SIGN_STYLE = Automatic;
				CURRENT_PROJECT_VERSION = 1;
				DEVELOPMENT_TEAM = 4S7F2M7YLW;
				ENABLE_PREVIEWS = YES;
				ENABLE_USER_SCRIPT_SANDBOXING = NO;
				FRAMEWORK_SEARCH_PATHS = "$(SRCROOT)/build";
				GENERATE_INFOPLIST_FILE = YES;
				INFOPLIST_KEY_NSCameraUsageDescription = "Passkey Vault uses your camera to scan QR codes for setting up two-factor authentication codes.";
				INFOPLIST_KEY_NSFaceIDUsageDescription = "Passkey Vault uses Face ID to unlock your vault.";
				INFOPLIST_KEY_UIApplicationSceneManifest_Generation = YES;
				INFOPLIST_KEY_UIApplicationSupportsIndirectInputEvents = YES;
				INFOPLIST_KEY_UILaunchScreen_Generation = YES;
				INFOPLIST_KEY_UISupportedInterfaceOrientations_iPad = "UIInterfaceOrientationPortrait UIInterfaceOrientationPortraitUpsideDown UIInterfaceOrientationLandscapeLeft UIInterfaceOrientationLandscapeRight";
				INFOPLIST_KEY_UISupportedInterfaceOrientations_iPhone = "UIInterfaceOrientationPortrait UIInterfaceOrientationLandscapeLeft UIInterfaceOrientationLandscapeRight";
				LD_RUNPATH_SEARCH_PATHS = (
					"$(inherited)",
					"@executable_path/Frameworks",
				);
				MARKETING_VERSION = 1.0;
				PRODUCT_BUNDLE_IDENTIFIER = cloud.blonie.PasskeyVault;
				PRODUCT_NAME = "$(TARGET_NAME)";
				STRING_CATALOG_GENERATE_SYMBOLS = YES;
				SWIFT_APPROACHABLE_CONCURRENCY = YES;
				SWIFT_DEFAULT_ACTOR_ISOLATION = MainActor;
				SWIFT_EMIT_LOC_STRINGS = YES;
				SWIFT_ENABLE_EXPLICIT_MODULES = NO;
				SWIFT_UPCOMING_FEATURE_MEMBER_IMPORT_VISIBILITY = YES;
				SWIFT_VERSION = 5.0;
				TARGETED_DEVICE_FAMILY = "1,2";
			};
			name = Release;
		};
		F4C1A4D1302B0A9C00C58DEB /* Debug */ = {
			isa = XCBuildConfiguration;
			buildSettings = {
				BUNDLE_LOADER = "$(TEST_HOST)";
				CODE_SIGN_STYLE = Automatic;
				CURRENT_PROJECT_VERSION = 1;
				DEVELOPMENT_TEAM = 4S7F2M7YLW;
				GENERATE_INFOPLIST_FILE = YES;
				IPHONEOS_DEPLOYMENT_TARGET = 18.0;
				MARKETING_VERSION = 1.0;
				PRODUCT_BUNDLE_IDENTIFIER = cloud.blonie.PasskeyVaultTests;
				PRODUCT_NAME = "$(TARGET_NAME)";
				STRING_CATALOG_GENERATE_SYMBOLS = NO;
				SWIFT_APPROACHABLE_CONCURRENCY = YES;
				SWIFT_EMIT_LOC_STRINGS = NO;
				SWIFT_UPCOMING_FEATURE_MEMBER_IMPORT_VISIBILITY = YES;
				SWIFT_VERSION = 5.0;
				TARGETED_DEVICE_FAMILY = "1,2";
				TEST_HOST = "$(BUILT_PRODUCTS_DIR)/PasskeyVault.app/$(BUNDLE_EXECUTABLE_FOLDER_PATH)/PasskeyVault";
			};
			name = Debug;
		};
		F4C1A4D2302B0A9C00C58DEB /* Release */ = {
			isa = XCBuildConfiguration;
			buildSettings = {
				BUNDLE_LOADER = "$(TEST_HOST)";
				CODE_SIGN_STYLE = Automatic;
				CURRENT_PROJECT_VERSION = 1;
				DEVELOPMENT_TEAM = 4S7F2M7YLW;
				GENERATE_INFOPLIST_FILE = YES;
				IPHONEOS_DEPLOYMENT_TARGET = 18.0;
				MARKETING_VERSION = 1.0;
				PRODUCT_BUNDLE_IDENTIFIER = cloud.blonie.PasskeyVaultTests;
				PRODUCT_NAME = "$(TARGET_NAME)";
				STRING_CATALOG_GENERATE_SYMBOLS = NO;
				SWIFT_APPROACHABLE_CONCURRENCY = YES;
				SWIFT_EMIT_LOC_STRINGS = NO;
				SWIFT_UPCOMING_FEATURE_MEMBER_IMPORT_VISIBILITY = YES;
				SWIFT_VERSION = 5.0;
				TARGETED_DEVICE_FAMILY = "1,2";
				TEST_HOST = "$(BUILT_PRODUCTS_DIR)/PasskeyVault.app/$(BUNDLE_EXECUTABLE_FOLDER_PATH)/PasskeyVault";
			};
			name = Release;
		};
		F4C1A4D4302B0A9C00C58DEB /* Debug */ = {
			isa = XCBuildConfiguration;
			buildSettings = {
				CODE_SIGN_STYLE = Automatic;
				CURRENT_PROJECT_VERSION = 1;
				DEVELOPMENT_TEAM = 4S7F2M7YLW;
				GENERATE_INFOPLIST_FILE = YES;
				MARKETING_VERSION = 1.0;
				PRODUCT_BUNDLE_IDENTIFIER = cloud.blonie.PasskeyVaultUITests;
				PRODUCT_NAME = "$(TARGET_NAME)";
				STRING_CATALOG_GENERATE_SYMBOLS = NO;
				SWIFT_APPROACHABLE_CONCURRENCY = YES;
				SWIFT_EMIT_LOC_STRINGS = NO;
				SWIFT_UPCOMING_FEATURE_MEMBER_IMPORT_VISIBILITY = YES;
				SWIFT_VERSION = 5.0;
				TARGETED_DEVICE_FAMILY = "1,2";
				TEST_TARGET_NAME = PasskeyVault;
			};
			name = Debug;
		};
		F4C1A4D5302B0A9C00C58DEB /* Release */ = {
			isa = XCBuildConfiguration;
			buildSettings = {
				CODE_SIGN_STYLE = Automatic;
				CURRENT_PROJECT_VERSION = 1;
				DEVELOPMENT_TEAM = 4S7F2M7YLW;
				GENERATE_INFOPLIST_FILE = YES;
				MARKETING_VERSION = 1.0;
				PRODUCT_BUNDLE_IDENTIFIER = cloud.blonie.PasskeyVaultUITests;
				PRODUCT_NAME = "$(TARGET_NAME)";
				STRING_CATALOG_GENERATE_SYMBOLS = NO;
				SWIFT_APPROACHABLE_CONCURRENCY = YES;
				SWIFT_EMIT_LOC_STRINGS = NO;
				SWIFT_UPCOMING_FEATURE_MEMBER_IMPORT_VISIBILITY = YES;
				SWIFT_VERSION = 5.0;
				TARGETED_DEVICE_FAMILY = "1,2";
				TEST_TARGET_NAME = PasskeyVault;
			};
			name = Release;
		};
		F8D5135D42B5D95A8A3F63FB /* Release */ = {
			isa = XCBuildConfiguration;
			buildSettings = {
				CODE_SIGN_ENTITLEMENTS = ../PasskeyVaultHarness/PasskeyVaultHarness.entitlements;
				CODE_SIGN_STYLE = Automatic;
				CURRENT_PROJECT_VERSION = 1;
				DEVELOPMENT_TEAM = 4S7F2M7YLW;
				ENABLE_PREVIEWS = YES;
				GENERATE_INFOPLIST_FILE = YES;
				INFOPLIST_KEY_UIApplicationSceneManifest_Generation = YES;
				INFOPLIST_KEY_UIApplicationSupportsIndirectInputEvents = YES;
				INFOPLIST_KEY_UILaunchScreen_Generation = YES;
				INFOPLIST_KEY_UISupportedInterfaceOrientations_iPad = "UIInterfaceOrientationPortrait UIInterfaceOrientationPortraitUpsideDown UIInterfaceOrientationLandscapeLeft UIInterfaceOrientationLandscapeRight";
				INFOPLIST_KEY_UISupportedInterfaceOrientations_iPhone = "UIInterfaceOrientationPortrait UIInterfaceOrientationLandscapeLeft UIInterfaceOrientationLandscapeRight";
				IPHONEOS_DEPLOYMENT_TARGET = 18.0;
				LD_RUNPATH_SEARCH_PATHS = (
					"$(inherited)",
					"@executable_path/Frameworks",
				);
				MARKETING_VERSION = 1.0;
				PRODUCT_BUNDLE_IDENTIFIER = cloud.blonie.PasskeyVaultHarness;
				PRODUCT_NAME = "$(TARGET_NAME)";
				STRING_CATALOG_GENERATE_SYMBOLS = NO;
				SWIFT_APPROACHABLE_CONCURRENCY = YES;
				SWIFT_DEFAULT_ACTOR_ISOLATION = MainActor;
				SWIFT_EMIT_LOC_STRINGS = YES;
				SWIFT_ENABLE_EXPLICIT_MODULES = NO;
				SWIFT_UPCOMING_FEATURE_MEMBER_IMPORT_VISIBILITY = YES;
				SWIFT_VERSION = 5.0;
				TARGETED_DEVICE_FAMILY = "1,2";
			};
			name = Release;
		};
/* End XCBuildConfiguration section */

/* Begin XCConfigurationList section */
		EA071133E5DBDFAB41659D4F /* Build configuration list for PBXNativeTarget "PasskeyVaultAutoFill" */ = {
			isa = XCConfigurationList;
			buildConfigurations = (
				5D48680EE4DAA5A16F5BC273 /* Debug */,
				213F0514ADFD2E4883AFECC7 /* Release */,
			);
			defaultConfigurationIsVisible = 0;
			defaultConfigurationName = Release;
		};
		F4C1A4A7302B0A9A00C58DEB /* Build configuration list for PBXProject "PasskeyVault" */ = {
			isa = XCConfigurationList;
			buildConfigurations = (
				F4C1A4CB302B0A9C00C58DEB /* Debug */,
				F4C1A4CC302B0A9C00C58DEB /* Release */,
			);
			defaultConfigurationIsVisible = 0;
			defaultConfigurationName = Release;
		};
		F4C1A4CD302B0A9C00C58DEB /* Build configuration list for PBXNativeTarget "PasskeyVault" */ = {
			isa = XCConfigurationList;
			buildConfigurations = (
				F4C1A4CE302B0A9C00C58DEB /* Debug */,
				F4C1A4CF302B0A9C00C58DEB /* Release */,
			);
			defaultConfigurationIsVisible = 0;
			defaultConfigurationName = Release;
		};
		F4C1A4D0302B0A9C00C58DEB /* Build configuration list for PBXNativeTarget "PasskeyVaultTests" */ = {
			isa = XCConfigurationList;
			buildConfigurations = (
				F4C1A4D1302B0A9C00C58DEB /* Debug */,
				F4C1A4D2302B0A9C00C58DEB /* Release */,
			);
			defaultConfigurationIsVisible = 0;
			defaultConfigurationName = Release;
		};
		F4C1A4D3302B0A9C00C58DEB /* Build configuration list for PBXNativeTarget "PasskeyVaultUITests" */ = {
			isa = XCConfigurationList;
			buildConfigurations = (
				F4C1A4D4302B0A9C00C58DEB /* Debug */,
				F4C1A4D5302B0A9C00C58DEB /* Release */,
			);
			defaultConfigurationIsVisible = 0;
			defaultConfigurationName = Release;
		};
		FCFF755364BE54E954FD3CB7 /* Build configuration list for PBXNativeTarget "PasskeyVaultHarness" */ = {
			isa = XCConfigurationList;
			buildConfigurations = (
				D8A9C8AA5156BF5B32A723D2 /* Debug */,
				F8D5135D42B5D95A8A3F63FB /* Release */,
			);
			defaultConfigurationIsVisible = 0;
			defaultConfigurationName = Release;
		};
/* End XCConfigurationList section */
	};
	rootObject = F4C1A4A4302B0A9A00C58DEB /* Project object */;
}
