// !$*UTF8*$!
{
	archiveVersion = 1;
	classes = {
	};
	objectVersion = 77;
	objects = {

/* Begin PBXBuildFile section */
		F4C1A4D7302B0A9C00C58DEB /* PvFfi.xcframework in Frameworks */ = {isa = PBXBuildFile; fileRef = F4C1A4D6302B0A9C00C58DEB /* PvFfi.xcframework */; };
		F4C1A4DA302B0A9C00C58DEB /* pv_ffi.swift in Sources */ = {isa = PBXBuildFile; fileRef = F4C1A4D9302B0A9C00C58DEB /* pv_ffi.swift */; };
/* End PBXBuildFile section */

/* Begin PBXContainerItemProxy section */
		F4C1A4BA302B0A9C00C58DEB /* PBXContainerItemProxy */ = {
			isa = PBXContainerItemProxy;
			containerPortal = F4C1A4A4302B0A9A00C58DEB /* Project object */;
			proxyType = 1;
			remoteGlobalIDString = F4C1A4AB302B0A9A00C58DEB;
			remoteInfo = PasskeyVault;
		};
		F4C1A4C4302B0A9C00C58DEB /* PBXContainerItemProxy */ = {
			isa = PBXContainerItemProxy;
			containerPortal = F4C1A4A4302B0A9A00C58DEB /* Project object */;
			proxyType = 1;
			remoteGlobalIDString = F4C1A4AB302B0A9A00C58DEB;
			remoteInfo = PasskeyVault;
		};
/* End PBXContainerItemProxy section */

/* Begin PBXFileReference section */
		F4C1A4AC302B0A9A00C58DEB /* PasskeyVault.app */ = {isa = PBXFileReference; explicitFileType = wrapper.application; includeInIndex = 0; path = PasskeyVault.app; sourceTree = BUILT_PRODUCTS_DIR; };
		F4C1A4B9302B0A9C00C58DEB /* PasskeyVaultTests.xctest */ = {isa = PBXFileReference; explicitFileType = wrapper.cfbundle; includeInIndex = 0; path = PasskeyVaultTests.xctest; sourceTree = BUILT_PRODUCTS_DIR; };
		F4C1A4C3302B0A9C00C58DEB /* PasskeyVaultUITests.xctest */ = {isa = PBXFileReference; explicitFileType = wrapper.cfbundle; includeInIndex = 0; path = PasskeyVaultUITests.xctest; sourceTree = BUILT_PRODUCTS_DIR; };
		F4C1A4D6302B0A9C00C58DEB /* PvFfi.xcframework */ = {isa = PBXFileReference; lastKnownFileType = wrapper.xcframework; name = PvFfi.xcframework; path = build/PvFfi.xcframework; sourceTree = "<group>"; };
		F4C1A4D9302B0A9C00C58DEB /* pv_ffi.swift */ = {isa = PBXFileReference; lastKnownFileType = sourcecode.swift; name = pv_ffi.swift; path = build/swift-bindings/pv_ffi.swift; sourceTree = "<group>"; };
/* End PBXFileReference section */

/* Begin PBXFileSystemSynchronizedRootGroup section */
		F4C1A4AE302B0A9A00C58DEB /* PasskeyVault */ = {
			isa = PBXFileSystemSynchronizedRootGroup;
			path = PasskeyVault;
			sourceTree = "<group>";
		};
		F4C1A4BC302B0A9C00C58DEB /* PasskeyVaultTests */ = {
			isa = PBXFileSystemSynchronizedRootGroup;
			path = PasskeyVaultTests;
			sourceTree = "<group>";
		};
		F4C1A4C6302B0A9C00C58DEB /* PasskeyVaultUITests */ = {
			isa = PBXFileSystemSynchronizedRootGroup;
			path = PasskeyVaultUITests;
			sourceTree = "<group>";
		};
/* End PBXFileSystemSynchronizedRootGroup section */

/* Begin PBXFrameworksBuildPhase section */
		F4C1A4A9302B0A9A00C58DEB /* Frameworks */ = {
			isa = PBXFrameworksBuildPhase;
			buildActionMask = 2147483647;
			files = (
			);
			runOnlyForDeploymentPostprocessing = 0;
		};
		F4C1A4B6302B0A9C00C58DEB /* Frameworks */ = {
			isa = PBXFrameworksBuildPhase;
			buildActionMask = 2147483647;
			files = (
				F4C1A4D7302B0A9C00C58DEB /* PvFfi.xcframework in Frameworks */,
			);
			runOnlyForDeploymentPostprocessing = 0;
		};
		F4C1A4C0302B0A9C00C58DEB /* Frameworks */ = {
			isa = PBXFrameworksBuildPhase;
			buildActionMask = 2147483647;
			files = (
			);
			runOnlyForDeploymentPostprocessing = 0;
		};
/* End PBXFrameworksBuildPhase section */

/* Begin PBXGroup section */
		F4C1A4A3302B0A9A00C58DEB = {
			isa = PBXGroup;
			children = (
				F4C1A4AE302B0A9A00C58DEB /* PasskeyVault */,
				F4C1A4BC302B0A9C00C58DEB /* PasskeyVaultTests */,
				F4C1A4C6302B0A9C00C58DEB /* PasskeyVaultUITests */,
				F4C1A4D6302B0A9C00C58DEB /* PvFfi.xcframework */,
				F4C1A4D9302B0A9C00C58DEB /* pv_ffi.swift */,
				F4C1A4AD302B0A9A00C58DEB /* Products */,
			);
			sourceTree = "<group>";
		};
		F4C1A4AD302B0A9A00C58DEB /* Products */ = {
			isa = PBXGroup;
			children = (
				F4C1A4AC302B0A9A00C58DEB /* PasskeyVault.app */,
				F4C1A4B9302B0A9C00C58DEB /* PasskeyVaultTests.xctest */,
				F4C1A4C3302B0A9C00C58DEB /* PasskeyVaultUITests.xctest */,
			);
			name = Products;
			sourceTree = "<group>";
		};
/* End PBXGroup section */

/* Begin PBXNativeTarget section */
		F4C1A4AB302B0A9A00C58DEB /* PasskeyVault */ = {
			isa = PBXNativeTarget;
			buildConfigurationList = F4C1A4CD302B0A9C00C58DEB /* Build configuration list for PBXNativeTarget "PasskeyVault" */;
			buildPhases = (
				F4C1A4A8302B0A9A00C58DEB /* Sources */,
				F4C1A4A9302B0A9A00C58DEB /* Frameworks */,
				F4C1A4AA302B0A9A00C58DEB /* Resources */,
			);
			buildRules = (
			);
			dependencies = (
			);
			fileSystemSynchronizedGroups = (
				F4C1A4AE302B0A9A00C58DEB /* PasskeyVault */,
			);
			name = PasskeyVault;
			packageProductDependencies = (
			);
			productName = PasskeyVault;
			productReference = F4C1A4AC302B0A9A00C58DEB /* PasskeyVault.app */;
			productType = "com.apple.product-type.application";
		};
		F4C1A4B8302B0A9C00C58DEB /* PasskeyVaultTests */ = {
			isa = PBXNativeTarget;
			buildConfigurationList = F4C1A4D0302B0A9C00C58DEB /* Build configuration list for PBXNativeTarget "PasskeyVaultTests" */;
			buildPhases = (
				F4C1A4D8302B0A9C00C58DEB /* Build pv-ffi XCFramework */,
				F4C1A4B5302B0A9C00C58DEB /* Sources */,
				F4C1A4B6302B0A9C00C58DEB /* Frameworks */,
				F4C1A4B7302B0A9C00C58DEB /* Resources */,
			);
			buildRules = (
			);
			dependencies = (
				F4C1A4BB302B0A9C00C58DEB /* PBXTargetDependency */,
			);
			fileSystemSynchronizedGroups = (
				F4C1A4BC302B0A9C00C58DEB /* PasskeyVaultTests */,
			);
			name = PasskeyVaultTests;
			packageProductDependencies = (
			);
			productName = PasskeyVaultTests;
			productReference = F4C1A4B9302B0A9C00C58DEB /* PasskeyVaultTests.xctest */;
			productType = "com.apple.product-type.bundle.unit-test";
		};
		F4C1A4C2302B0A9C00C58DEB /* PasskeyVaultUITests */ = {
			isa = PBXNativeTarget;
			buildConfigurationList = F4C1A4D3302B0A9C00C58DEB /* Build configuration list for PBXNativeTarget "PasskeyVaultUITests" */;
			buildPhases = (
				F4C1A4BF302B0A9C00C58DEB /* Sources */,
				F4C1A4C0302B0A9C00C58DEB /* Frameworks */,
				F4C1A4C1302B0A9C00C58DEB /* Resources */,
			);
			buildRules = (
			);
			dependencies = (
				F4C1A4C5302B0A9C00C58DEB /* PBXTargetDependency */,
			);
			fileSystemSynchronizedGroups = (
				F4C1A4C6302B0A9C00C58DEB /* PasskeyVaultUITests */,
			);
			name = PasskeyVaultUITests;
			packageProductDependencies = (
			);
			productName = PasskeyVaultUITests;
			productReference = F4C1A4C3302B0A9C00C58DEB /* PasskeyVaultUITests.xctest */;
			productType = "com.apple.product-type.bundle.ui-testing";
		};
/* End PBXNativeTarget section */

/* Begin PBXProject section */
		F4C1A4A4302B0A9A00C58DEB /* Project object */ = {
			isa = PBXProject;
			attributes = {
				BuildIndependentTargetsInParallel = 1;
				LastSwiftUpdateCheck = 2660;
				LastUpgradeCheck = 2660;
				TargetAttributes = {
					F4C1A4AB302B0A9A00C58DEB = {
						CreatedOnToolsVersion = 26.6;
					};
					F4C1A4B8302B0A9C00C58DEB = {
						CreatedOnToolsVersion = 26.6;
						TestTargetID = F4C1A4AB302B0A9A00C58DEB;
					};
					F4C1A4C2302B0A9C00C58DEB = {
						CreatedOnToolsVersion = 26.6;
						TestTargetID = F4C1A4AB302B0A9A00C58DEB;
					};
				};
			};
			buildConfigurationList = F4C1A4A7302B0A9A00C58DEB /* Build configuration list for PBXProject "PasskeyVault" */;
			developmentRegion = en;
			hasScannedForEncodings = 0;
			knownRegions = (
				en,
				Base,
			);
			mainGroup = F4C1A4A3302B0A9A00C58DEB;
			minimizedProjectReferenceProxies = 1;
			preferredProjectObjectVersion = 77;
			productRefGroup = F4C1A4AD302B0A9A00C58DEB /* Products */;
			projectDirPath = "";
			projectRoot = "";
			targets = (
				F4C1A4AB302B0A9A00C58DEB /* PasskeyVault */,
				F4C1A4B8302B0A9C00C58DEB /* PasskeyVaultTests */,
				F4C1A4C2302B0A9C00C58DEB /* PasskeyVaultUITests */,
			);
		};
/* End PBXProject section */

/* Begin PBXResourcesBuildPhase section */
		F4C1A4AA302B0A9A00C58DEB /* Resources */ = {
			isa = PBXResourcesBuildPhase;
			buildActionMask = 2147483647;
			files = (
			);
			runOnlyForDeploymentPostprocessing = 0;
		};
		F4C1A4B7302B0A9C00C58DEB /* Resources */ = {
			isa = PBXResourcesBuildPhase;
			buildActionMask = 2147483647;
			files = (
			);
			runOnlyForDeploymentPostprocessing = 0;
		};
		F4C1A4C1302B0A9C00C58DEB /* Resources */ = {
			isa = PBXResourcesBuildPhase;
			buildActionMask = 2147483647;
			files = (
			);
			runOnlyForDeploymentPostprocessing = 0;
		};
/* End PBXResourcesBuildPhase section */

/* Begin PBXShellScriptBuildPhase section */
		F4C1A4D8302B0A9C00C58DEB /* Build pv-ffi XCFramework */ = {
			isa = PBXShellScriptBuildPhase;
			buildActionMask = 2147483647;
			files = (
			);
			inputPaths = (
			);
			name = "Build pv-ffi XCFramework";
			outputPaths = (
			);
			runOnlyForDeploymentPostprocessing = 0;
			shellPath = /bin/sh;
			shellScript = "\"$SRCROOT/../../scripts/build-ios.sh\"\n";
		};
/* End PBXShellScriptBuildPhase section */

/* Begin PBXSourcesBuildPhase section */
		F4C1A4A8302B0A9A00C58DEB /* Sources */ = {
			isa = PBXSourcesBuildPhase;
			buildActionMask = 2147483647;
			files = (
			);
			runOnlyForDeploymentPostprocessing = 0;
		};
		F4C1A4B5302B0A9C00C58DEB /* Sources */ = {
			isa = PBXSourcesBuildPhase;
			buildActionMask = 2147483647;
			files = (
				F4C1A4DA302B0A9C00C58DEB /* pv_ffi.swift in Sources */,
			);
			runOnlyForDeploymentPostprocessing = 0;
		};
		F4C1A4BF302B0A9C00C58DEB /* Sources */ = {
			isa = PBXSourcesBuildPhase;
			buildActionMask = 2147483647;
			files = (
			);
			runOnlyForDeploymentPostprocessing = 0;
		};
/* End PBXSourcesBuildPhase section */

/* Begin PBXTargetDependency section */
		F4C1A4BB302B0A9C00C58DEB /* PBXTargetDependency */ = {
			isa = PBXTargetDependency;
			target = F4C1A4AB302B0A9A00C58DEB /* PasskeyVault */;
			targetProxy = F4C1A4BA302B0A9C00C58DEB /* PBXContainerItemProxy */;
		};
		F4C1A4C5302B0A9C00C58DEB /* PBXTargetDependency */ = {
			isa = PBXTargetDependency;
			target = F4C1A4AB302B0A9A00C58DEB /* PasskeyVault */;
			targetProxy = F4C1A4C4302B0A9C00C58DEB /* PBXContainerItemProxy */;
		};
/* End PBXTargetDependency section */

/* Begin XCBuildConfiguration section */
		F4C1A4CB302B0A9C00C58DEB /* Debug */ = {
			isa = XCBuildConfiguration;
			buildSettings = {
				ALWAYS_SEARCH_USER_PATHS = NO;
				ASSETCATALOG_COMPILER_GENERATE_SWIFT_ASSET_SYMBOL_EXTENSIONS = YES;
				CLANG_ANALYZER_NONNULL = YES;
				CLANG_ANALYZER_NUMBER_OBJECT_CONVERSION = YES_AGGRESSIVE;
				CLANG_CXX_LANGUAGE_STANDARD = "gnu++20";
				CLANG_ENABLE_MODULES = YES;
				CLANG_ENABLE_OBJC_ARC = YES;
				CLANG_ENABLE_OBJC_WEAK = YES;
				CLANG_WARN_BLOCK_CAPTURE_AUTORELEASING = YES;
				CLANG_WARN_BOOL_CONVERSION = YES;
				CLANG_WARN_COMMA = YES;
				CLANG_WARN_CONSTANT_CONVERSION = YES;
				CLANG_WARN_DEPRECATED_OBJC_IMPLEMENTATIONS = YES;
				CLANG_WARN_DIRECT_OBJC_ISA_USAGE = YES_ERROR;
				CLANG_WARN_DOCUMENTATION_COMMENTS = YES;
				CLANG_WARN_EMPTY_BODY = YES;
				CLANG_WARN_ENUM_CONVERSION = YES;
				CLANG_WARN_INFINITE_RECURSION = YES;
				CLANG_WARN_INT_CONVERSION = YES;
				CLANG_WARN_NON_LITERAL_NULL_CONVERSION = YES;
				CLANG_WARN_OBJC_IMPLICIT_RETAIN_SELF = YES;
				CLANG_WARN_OBJC_LITERAL_CONVERSION = YES;
				CLANG_WARN_OBJC_ROOT_CLASS = YES_ERROR;
				CLANG_WARN_QUOTED_INCLUDE_IN_FRAMEWORK_HEADER = YES;
				CLANG_WARN_RANGE_LOOP_ANALYSIS = YES;
				CLANG_WARN_STRICT_PROTOTYPES = YES;
				CLANG_WARN_SUSPICIOUS_MOVE = YES;
				CLANG_WARN_UNGUARDED_AVAILABILITY = YES_AGGRESSIVE;
				CLANG_WARN_UNREACHABLE_CODE = YES;
				CLANG_WARN__DUPLICATE_METHOD_MATCH = YES;
				COPY_PHASE_STRIP = NO;
				DEBUG_INFORMATION_FORMAT = dwarf;
				ENABLE_STRICT_OBJC_MSGSEND = YES;
				ENABLE_TESTABILITY = YES;
				ENABLE_USER_SCRIPT_SANDBOXING = YES;
				GCC_C_LANGUAGE_STANDARD = gnu17;
				GCC_DYNAMIC_NO_PIC = NO;
				GCC_NO_COMMON_BLOCKS = YES;
				GCC_OPTIMIZATION_LEVEL = 0;
				GCC_PREPROCESSOR_DEFINITIONS = (
					"DEBUG=1",
					"$(inherited)",
				);
				GCC_WARN_64_TO_32_BIT_CONVERSION = YES;
				GCC_WARN_ABOUT_RETURN_TYPE = YES_ERROR;
				GCC_WARN_UNDECLARED_SELECTOR = YES;
				GCC_WARN_UNINITIALIZED_AUTOS = YES_AGGRESSIVE;
				GCC_WARN_UNUSED_FUNCTION = YES;
				GCC_WARN_UNUSED_VARIABLE = YES;
				IPHONEOS_DEPLOYMENT_TARGET = 18.0;
				LOCALIZATION_PREFERS_STRING_CATALOGS = YES;
				MTL_ENABLE_DEBUG_INFO = INCLUDE_SOURCE;
				MTL_FAST_MATH = YES;
				ONLY_ACTIVE_ARCH = YES;
				SDKROOT = iphoneos;
				SWIFT_ACTIVE_COMPILATION_CONDITIONS = "DEBUG $(inherited)";
				SWIFT_OPTIMIZATION_LEVEL = "-Onone";
			};
			name = Debug;
		};
		F4C1A4CC302B0A9C00C58DEB /* Release */ = {
			isa = XCBuildConfiguration;
			buildSettings = {
				ALWAYS_SEARCH_USER_PATHS = NO;
				ASSETCATALOG_COMPILER_GENERATE_SWIFT_ASSET_SYMBOL_EXTENSIONS = YES;
				CLANG_ANALYZER_NONNULL = YES;
				CLANG_ANALYZER_NUMBER_OBJECT_CONVERSION = YES_AGGRESSIVE;
				CLANG_CXX_LANGUAGE_STANDARD = "gnu++20";
				CLANG_ENABLE_MODULES = YES;
				CLANG_ENABLE_OBJC_ARC = YES;
				CLANG_ENABLE_OBJC_WEAK = YES;
				CLANG_WARN_BLOCK_CAPTURE_AUTORELEASING = YES;
				CLANG_WARN_BOOL_CONVERSION = YES;
				CLANG_WARN_COMMA = YES;
				CLANG_WARN_CONSTANT_CONVERSION = YES;
				CLANG_WARN_DEPRECATED_OBJC_IMPLEMENTATIONS = YES;
				CLANG_WARN_DIRECT_OBJC_ISA_USAGE = YES_ERROR;
				CLANG_WARN_DOCUMENTATION_COMMENTS = YES;
				CLANG_WARN_EMPTY_BODY = YES;
				CLANG_WARN_ENUM_CONVERSION = YES;
				CLANG_WARN_INFINITE_RECURSION = YES;
				CLANG_WARN_INT_CONVERSION = YES;
				CLANG_WARN_NON_LITERAL_NULL_CONVERSION = YES;
				CLANG_WARN_OBJC_IMPLICIT_RETAIN_SELF = YES;
				CLANG_WARN_OBJC_LITERAL_CONVERSION = YES;
				CLANG_WARN_OBJC_ROOT_CLASS = YES_ERROR;
				CLANG_WARN_QUOTED_INCLUDE_IN_FRAMEWORK_HEADER = YES;
				CLANG_WARN_RANGE_LOOP_ANALYSIS = YES;
				CLANG_WARN_STRICT_PROTOTYPES = YES;
				CLANG_WARN_SUSPICIOUS_MOVE = YES;
				CLANG_WARN_UNGUARDED_AVAILABILITY = YES_AGGRESSIVE;
				CLANG_WARN_UNREACHABLE_CODE = YES;
				CLANG_WARN__DUPLICATE_METHOD_MATCH = YES;
				COPY_PHASE_STRIP = NO;
				DEBUG_INFORMATION_FORMAT = "dwarf-with-dsym";
				ENABLE_NS_ASSERTIONS = NO;
				ENABLE_STRICT_OBJC_MSGSEND = YES;
				ENABLE_USER_SCRIPT_SANDBOXING = YES;
				GCC_C_LANGUAGE_STANDARD = gnu17;
				GCC_NO_COMMON_BLOCKS = YES;
				GCC_WARN_64_TO_32_BIT_CONVERSION = YES;
				GCC_WARN_ABOUT_RETURN_TYPE = YES_ERROR;
				GCC_WARN_UNDECLARED_SELECTOR = YES;
				GCC_WARN_UNINITIALIZED_AUTOS = YES_AGGRESSIVE;
				GCC_WARN_UNUSED_FUNCTION = YES;
				GCC_WARN_UNUSED_VARIABLE = YES;
				IPHONEOS_DEPLOYMENT_TARGET = 18.0;
				LOCALIZATION_PREFERS_STRING_CATALOGS = YES;
				MTL_ENABLE_DEBUG_INFO = NO;
				MTL_FAST_MATH = YES;
				SDKROOT = iphoneos;
				SWIFT_COMPILATION_MODE = wholemodule;
				VALIDATE_PRODUCT = YES;
			};
			name = Release;
		};
		F4C1A4CE302B0A9C00C58DEB /* Debug */ = {
			isa = XCBuildConfiguration;
			buildSettings = {
				ASSETCATALOG_COMPILER_APPICON_NAME = AppIcon;
				ASSETCATALOG_COMPILER_GLOBAL_ACCENT_COLOR_NAME = AccentColor;
				CODE_SIGN_STYLE = Automatic;
				CURRENT_PROJECT_VERSION = 1;
				ENABLE_PREVIEWS = YES;
				GENERATE_INFOPLIST_FILE = YES;
				INFOPLIST_KEY_UIApplicationSceneManifest_Generation = YES;
				INFOPLIST_KEY_UIApplicationSupportsIndirectInputEvents = YES;
				INFOPLIST_KEY_UILaunchScreen_Generation = YES;
				INFOPLIST_KEY_UISupportedInterfaceOrientations_iPad = "UIInterfaceOrientationPortrait UIInterfaceOrientationPortraitUpsideDown UIInterfaceOrientationLandscapeLeft UIInterfaceOrientationLandscapeRight";
				INFOPLIST_KEY_UISupportedInterfaceOrientations_iPhone = "UIInterfaceOrientationPortrait UIInterfaceOrientationLandscapeLeft UIInterfaceOrientationLandscapeRight";
				LD_RUNPATH_SEARCH_PATHS = (
					"$(inherited)",
					"@executable_path/Frameworks",
				);
				MARKETING_VERSION = 1.0;
				PRODUCT_BUNDLE_IDENTIFIER = cloud.blonie.PasskeyVault;
				PRODUCT_NAME = "$(TARGET_NAME)";
				STRING_CATALOG_GENERATE_SYMBOLS = YES;
				SWIFT_APPROACHABLE_CONCURRENCY = YES;
				SWIFT_DEFAULT_ACTOR_ISOLATION = MainActor;
				SWIFT_EMIT_LOC_STRINGS = YES;
				SWIFT_UPCOMING_FEATURE_MEMBER_IMPORT_VISIBILITY = YES;
				SWIFT_VERSION = 5.0;
				TARGETED_DEVICE_FAMILY = "1,2";
			};
			name = Debug;
		};
		F4C1A4CF302B0A9C00C58DEB /* Release */ = {
			isa = XCBuildConfiguration;
			buildSettings = {
				ASSETCATALOG_COMPILER_APPICON_NAME = AppIcon;
				ASSETCATALOG_COMPILER_GLOBAL_ACCENT_COLOR_NAME = AccentColor;
				CODE_SIGN_STYLE = Automatic;
				CURRENT_PROJECT_VERSION = 1;
				ENABLE_PREVIEWS = YES;
				GENERATE_INFOPLIST_FILE = YES;
				INFOPLIST_KEY_UIApplicationSceneManifest_Generation = YES;
				INFOPLIST_KEY_UIApplicationSupportsIndirectInputEvents = YES;
				INFOPLIST_KEY_UILaunchScreen_Generation = YES;
				INFOPLIST_KEY_UISupportedInterfaceOrientations_iPad = "UIInterfaceOrientationPortrait UIInterfaceOrientationPortraitUpsideDown UIInterfaceOrientationLandscapeLeft UIInterfaceOrientationLandscapeRight";
				INFOPLIST_KEY_UISupportedInterfaceOrientations_iPhone = "UIInterfaceOrientationPortrait UIInterfaceOrientationLandscapeLeft UIInterfaceOrientationLandscapeRight";
				LD_RUNPATH_SEARCH_PATHS = (
					"$(inherited)",
					"@executable_path/Frameworks",
				);
				MARKETING_VERSION = 1.0;
				PRODUCT_BUNDLE_IDENTIFIER = cloud.blonie.PasskeyVault;
				PRODUCT_NAME = "$(TARGET_NAME)";
				STRING_CATALOG_GENERATE_SYMBOLS = YES;
				SWIFT_APPROACHABLE_CONCURRENCY = YES;
				SWIFT_DEFAULT_ACTOR_ISOLATION = MainActor;
				SWIFT_EMIT_LOC_STRINGS = YES;
				SWIFT_UPCOMING_FEATURE_MEMBER_IMPORT_VISIBILITY = YES;
				SWIFT_VERSION = 5.0;
				TARGETED_DEVICE_FAMILY = "1,2";
			};
			name = Release;
		};
		F4C1A4D1302B0A9C00C58DEB /* Debug */ = {
			isa = XCBuildConfiguration;
			buildSettings = {
				BUNDLE_LOADER = "$(TEST_HOST)";
				CODE_SIGN_STYLE = Automatic;
				CURRENT_PROJECT_VERSION = 1;
				ENABLE_USER_SCRIPT_SANDBOXING = NO;
				FRAMEWORK_SEARCH_PATHS = (
					"$(SRCROOT)/build",
				);
				GENERATE_INFOPLIST_FILE = YES;
				IPHONEOS_DEPLOYMENT_TARGET = 18.0;
				MARKETING_VERSION = 1.0;
				PRODUCT_BUNDLE_IDENTIFIER = cloud.blonie.PasskeyVaultTests;
				PRODUCT_NAME = "$(TARGET_NAME)";
				STRING_CATALOG_GENERATE_SYMBOLS = NO;
				SWIFT_APPROACHABLE_CONCURRENCY = YES;
				SWIFT_EMIT_LOC_STRINGS = NO;
				SWIFT_ENABLE_EXPLICIT_MODULES = NO;
				SWIFT_UPCOMING_FEATURE_MEMBER_IMPORT_VISIBILITY = YES;
				SWIFT_VERSION = 5.0;
				TARGETED_DEVICE_FAMILY = "1,2";
				TEST_HOST = "$(BUILT_PRODUCTS_DIR)/PasskeyVault.app/$(BUNDLE_EXECUTABLE_FOLDER_PATH)/PasskeyVault";
			};
			name = Debug;
		};
		F4C1A4D2302B0A9C00C58DEB /* Release */ = {
			isa = XCBuildConfiguration;
			buildSettings = {
				BUNDLE_LOADER = "$(TEST_HOST)";
				CODE_SIGN_STYLE = Automatic;
				CURRENT_PROJECT_VERSION = 1;
				ENABLE_USER_SCRIPT_SANDBOXING = NO;
				FRAMEWORK_SEARCH_PATHS = (
					"$(SRCROOT)/build",
				);
				GENERATE_INFOPLIST_FILE = YES;
				IPHONEOS_DEPLOYMENT_TARGET = 18.0;
				MARKETING_VERSION = 1.0;
				PRODUCT_BUNDLE_IDENTIFIER = cloud.blonie.PasskeyVaultTests;
				PRODUCT_NAME = "$(TARGET_NAME)";
				STRING_CATALOG_GENERATE_SYMBOLS = NO;
				SWIFT_APPROACHABLE_CONCURRENCY = YES;
				SWIFT_EMIT_LOC_STRINGS = NO;
				SWIFT_ENABLE_EXPLICIT_MODULES = NO;
				SWIFT_UPCOMING_FEATURE_MEMBER_IMPORT_VISIBILITY = YES;
				SWIFT_VERSION = 5.0;
				TARGETED_DEVICE_FAMILY = "1,2";
				TEST_HOST = "$(BUILT_PRODUCTS_DIR)/PasskeyVault.app/$(BUNDLE_EXECUTABLE_FOLDER_PATH)/PasskeyVault";
			};
			name = Release;
		};
		F4C1A4D4302B0A9C00C58DEB /* Debug */ = {
			isa = XCBuildConfiguration;
			buildSettings = {
				CODE_SIGN_STYLE = Automatic;
				CURRENT_PROJECT_VERSION = 1;
				GENERATE_INFOPLIST_FILE = YES;
				MARKETING_VERSION = 1.0;
				PRODUCT_BUNDLE_IDENTIFIER = cloud.blonie.PasskeyVaultUITests;
				PRODUCT_NAME = "$(TARGET_NAME)";
				STRING_CATALOG_GENERATE_SYMBOLS = NO;
				SWIFT_APPROACHABLE_CONCURRENCY = YES;
				SWIFT_EMIT_LOC_STRINGS = NO;
				SWIFT_UPCOMING_FEATURE_MEMBER_IMPORT_VISIBILITY = YES;
				SWIFT_VERSION = 5.0;
				TARGETED_DEVICE_FAMILY = "1,2";
				TEST_TARGET_NAME = PasskeyVault;
			};
			name = Debug;
		};
		F4C1A4D5302B0A9C00C58DEB /* Release */ = {
			isa = XCBuildConfiguration;
			buildSettings = {
				CODE_SIGN_STYLE = Automatic;
				CURRENT_PROJECT_VERSION = 1;
				GENERATE_INFOPLIST_FILE = YES;
				MARKETING_VERSION = 1.0;
				PRODUCT_BUNDLE_IDENTIFIER = cloud.blonie.PasskeyVaultUITests;
				PRODUCT_NAME = "$(TARGET_NAME)";
				STRING_CATALOG_GENERATE_SYMBOLS = NO;
				SWIFT_APPROACHABLE_CONCURRENCY = YES;
				SWIFT_EMIT_LOC_STRINGS = NO;
				SWIFT_UPCOMING_FEATURE_MEMBER_IMPORT_VISIBILITY = YES;
				SWIFT_VERSION = 5.0;
				TARGETED_DEVICE_FAMILY = "1,2";
				TEST_TARGET_NAME = PasskeyVault;
			};
			name = Release;
		};
/* End XCBuildConfiguration section */

/* Begin XCConfigurationList section */
		F4C1A4A7302B0A9A00C58DEB /* Build configuration list for PBXProject "PasskeyVault" */ = {
			isa = XCConfigurationList;
			buildConfigurations = (
				F4C1A4CB302B0A9C00C58DEB /* Debug */,
				F4C1A4CC302B0A9C00C58DEB /* Release */,
			);
			defaultConfigurationIsVisible = 0;
			defaultConfigurationName = Release;
		};
		F4C1A4CD302B0A9C00C58DEB /* Build configuration list for PBXNativeTarget "PasskeyVault" */ = {
			isa = XCConfigurationList;
			buildConfigurations = (
				F4C1A4CE302B0A9C00C58DEB /* Debug */,
				F4C1A4CF302B0A9C00C58DEB /* Release */,
			);
			defaultConfigurationIsVisible = 0;
			defaultConfigurationName = Release;
		};
		F4C1A4D0302B0A9C00C58DEB /* Build configuration list for PBXNativeTarget "PasskeyVaultTests" */ = {
			isa = XCConfigurationList;
			buildConfigurations = (
				F4C1A4D1302B0A9C00C58DEB /* Debug */,
				F4C1A4D2302B0A9C00C58DEB /* Release */,
			);
			defaultConfigurationIsVisible = 0;
			defaultConfigurationName = Release;
		};
		F4C1A4D3302B0A9C00C58DEB /* Build configuration list for PBXNativeTarget "PasskeyVaultUITests" */ = {
			isa = XCConfigurationList;
			buildConfigurations = (
				F4C1A4D4302B0A9C00C58DEB /* Debug */,
				F4C1A4D5302B0A9C00C58DEB /* Release */,
			);
			defaultConfigurationIsVisible = 0;
			defaultConfigurationName = Release;
		};
/* End XCConfigurationList section */
	};
	rootObject = F4C1A4A4302B0A9A00C58DEB /* Project object */;
}
